
Microsoft Visual Studio Solution File, Format Version 12.00
# Visual Studio 15
VisualStudioVersion = 15.0.27130.2024
MinimumVisualStudioVersion = 10.0.40219.1
Project("{FAE04EC0-301F-11D3-BF4B-00C04F79EFBC}") = "The Class Couples", "The Class Couples\The Class Couples.csproj", "{5F57505F-986A-4A7D-AF61-4E6E38910E88}"
EndProject
Global
	GlobalSection(SolutionConfigurationPlatforms) = preSolution
		Debug|Any CPU = Debug|Any CPU
		Release|Any CPU = Release|Any CPU
	EndGlobalSection
	GlobalSection(ProjectConfigurationPlatforms) = postSolution
		{5F57505F-986A-4A7D-AF61-4E6E38910E88}.Debug|Any CPU.ActiveCfg = Debug|Any CPU
		{5F57505F-986A-4A7D-AF61-4E6E38910E88}.Debug|Any CPU.Build.0 = Debug|Any CPU
		{5F57505F-986A-4A7D-AF61-4E6E38910E88}.Release|Any CPU.ActiveCfg = Release|Any CPU
		{5F57505F-986A-4A7D-AF61-4E6E38910E88}.Release|Any CPU.Build.0 = Release|Any CPU
	EndGlobalSection
	GlobalSection(SolutionProperties) = preSolution
		HideSolutionNode = FALSE
	EndGlobalSection
	GlobalSection(ExtensibilityGlobals) = postSolution
		SolutionGuid = {CD9A5E52-999E-4FC4-84AA-4AC653B2628A}
	EndGlobalSection
EndGlobal
